
Microsoft Visual Studio Solution File, Format Version 12.00
# Visual Studio Version 17
MinimumVisualStudioVersion = 10.0.40219.1
Project("{FAE04EC0-301F-11D3-BF4B-00C04F79EFBC}") = "WuxiaWorld.Game", "game\WuxiaWorld.Game.csproj", "{617AF021-DE0A-5C58-BEFF-F9FCAAF0E7F7}"
EndProject
Project("{FAE04EC0-301F-11D3-BF4B-00C04F79EFBC}") = "WuxiaWorld.Domain", "src\WuxiaWorld.Domain\WuxiaWorld.Domain.csproj", "{1D3AF333-01D1-5474-B30E-96A001DD32DD}"
EndProject
Project("{FAE04EC0-301F-11D3-BF4B-00C04F79EFBC}") = "WuxiaWorld.Application", "src\WuxiaWorld.Application\WuxiaWorld.Application.csproj", "{94DBA2EE-AFFA-50D4-8239-108B009F27E1}"
EndProject
Project("{FAE04EC0-301F-11D3-BF4B-00C04F79EFBC}") = "WuxiaWorld.Infrastructure", "src\WuxiaWorld.Infrastructure\WuxiaWorld.Infrastructure.csproj", "{C1CD3777-4A81-54EC-9552-1E14305AB39D}"
EndProject
Project("{2150E333-8FDC-42A3-9474-1A3956D46DE8}") = "src", "src", "{FA37C0FB-4ABF-509C-A70A-665196C88214}"
EndProject
Project("{2150E333-8FDC-42A3-9474-1A3956D46DE8}") = "tests", "tests", "{0AB3BF05-4346-4AA6-1389-037BE0695223}"
EndProject
Project("{FAE04EC0-301F-11D3-BF4B-00C04F79EFBC}") = "WuxiaWorld.Domain.Tests", "tests\Domain\WuxiaWorld.Domain.Tests\WuxiaWorld.Domain.Tests.csproj", "{7046C07A-73FE-459C-8762-D1C5C7AF285A}"
EndProject
Project("{2150E333-8FDC-42A3-9474-1A3956D46DE8}") = "tools", "tools", "{07C2787E-EAC7-C090-1BA3-A61EC2A24D84}"
EndProject
Project("{FAE04EC0-301F-11D3-BF4B-00C04F79EFBC}") = "BattleSimulator", "tools\BattleSimulator\BattleSimulator.csproj", "{84D088D0-2E5D-4CA7-800F-8A4865793234}"
EndProject
Project("{FAE04EC0-301F-11D3-BF4B-00C04F79EFBC}") = "ContentCompiler", "tools\ContentCompiler\ContentCompiler.csproj", "{40128401-8C43-405F-9C25-0CDFBDDC7A4D}"
EndProject
Project("{FAE04EC0-301F-11D3-BF4B-00C04F79EFBC}") = "SaveCrashTest", "tools\SaveCrashTest\SaveCrashTest.csproj", "{7FF375A8-C95C-4765-8C98-F8559E51DA7E}"
EndProject
Global
	GlobalSection(SolutionConfigurationPlatforms) = preSolution
		Debug|Any CPU = Debug|Any CPU
		Debug|x64 = Debug|x64
		Debug|x86 = Debug|x86
		ExportDebug|Any CPU = ExportDebug|Any CPU
		ExportDebug|x64 = ExportDebug|x64
		ExportDebug|x86 = ExportDebug|x86
		ExportRelease|Any CPU = ExportRelease|Any CPU
		ExportRelease|x64 = ExportRelease|x64
		ExportRelease|x86 = ExportRelease|x86
		Release|Any CPU = Release|Any CPU
		Release|x64 = Release|x64
		Release|x86 = Release|x86
	EndGlobalSection
	GlobalSection(ProjectConfigurationPlatforms) = postSolution
		{617AF021-DE0A-5C58-BEFF-F9FCAAF0E7F7}.Debug|Any CPU.ActiveCfg = Debug|Any CPU
		{617AF021-DE0A-5C58-BEFF-F9FCAAF0E7F7}.Debug|Any CPU.Build.0 = Debug|Any CPU
		{617AF021-DE0A-5C58-BEFF-F9FCAAF0E7F7}.Debug|x64.ActiveCfg = Debug|Any CPU
		{617AF021-DE0A-5C58-BEFF-F9FCAAF0E7F7}.Debug|x64.Build.0 = Debug|Any CPU
		{617AF021-DE0A-5C58-BEFF-F9FCAAF0E7F7}.Debug|x86.ActiveCfg = Debug|Any CPU
		{617AF021-DE0A-5C58-BEFF-F9FCAAF0E7F7}.Debug|x86.Build.0 = Debug|Any CPU
		{617AF021-DE0A-5C58-BEFF-F9FCAAF0E7F7}.ExportDebug|Any CPU.ActiveCfg = ExportDebug|Any CPU
		{617AF021-DE0A-5C58-BEFF-F9FCAAF0E7F7}.ExportDebug|Any CPU.Build.0 = ExportDebug|Any CPU
		{617AF021-DE0A-5C58-BEFF-F9FCAAF0E7F7}.ExportDebug|x64.ActiveCfg = ExportDebug|Any CPU
		{617AF021-DE0A-5C58-BEFF-F9FCAAF0E7F7}.ExportDebug|x64.Build.0 = ExportDebug|Any CPU
		{617AF021-DE0A-5C58-BEFF-F9FCAAF0E7F7}.ExportDebug|x86.ActiveCfg = ExportDebug|Any CPU
		{617AF021-DE0A-5C58-BEFF-F9FCAAF0E7F7}.ExportDebug|x86.Build.0 = ExportDebug|Any CPU
		{617AF021-DE0A-5C58-BEFF-F9FCAAF0E7F7}.ExportRelease|Any CPU.ActiveCfg = ExportRelease|Any CPU
		{617AF021-DE0A-5C58-BEFF-F9FCAAF0E7F7}.ExportRelease|Any CPU.Build.0 = ExportRelease|Any CPU
		{617AF021-DE0A-5C58-BEFF-F9FCAAF0E7F7}.ExportRelease|x64.ActiveCfg = ExportRelease|Any CPU
		{617AF021-DE0A-5C58-BEFF-F9FCAAF0E7F7}.ExportRelease|x64.Build.0 = ExportRelease|Any CPU
		{617AF021-DE0A-5C58-BEFF-F9FCAAF0E7F7}.ExportRelease|x86.ActiveCfg = ExportRelease|Any CPU
		{617AF021-DE0A-5C58-BEFF-F9FCAAF0E7F7}.ExportRelease|x86.Build.0 = ExportRelease|Any CPU
		{617AF021-DE0A-5C58-BEFF-F9FCAAF0E7F7}.Release|Any CPU.ActiveCfg = Release|Any CPU
		{617AF021-DE0A-5C58-BEFF-F9FCAAF0E7F7}.Release|Any CPU.Build.0 = Release|Any CPU
		{617AF021-DE0A-5C58-BEFF-F9FCAAF0E7F7}.Release|x64.ActiveCfg = Release|Any CPU
		{617AF021-DE0A-5C58-BEFF-F9FCAAF0E7F7}.Release|x64.Build.0 = Release|Any CPU
		{617AF021-DE0A-5C58-BEFF-F9FCAAF0E7F7}.Release|x86.ActiveCfg = Release|Any CPU
		{617AF021-DE0A-5C58-BEFF-F9FCAAF0E7F7}.Release|x86.Build.0 = Release|Any CPU
		{1D3AF333-01D1-5474-B30E-96A001DD32DD}.Debug|Any CPU.ActiveCfg = Debug|Any CPU
		{1D3AF333-01D1-5474-B30E-96A001DD32DD}.Debug|Any CPU.Build.0 = Debug|Any CPU
		{1D3AF333-01D1-5474-B30E-96A001DD32DD}.Debug|x64.ActiveCfg = Debug|Any CPU
		{1D3AF333-01D1-5474-B30E-96A001DD32DD}.Debug|x64.Build.0 = Debug|Any CPU
		{1D3AF333-01D1-5474-B30E-96A001DD32DD}.Debug|x86.ActiveCfg = Debug|Any CPU
		{1D3AF333-01D1-5474-B30E-96A001DD32DD}.Debug|x86.Build.0 = Debug|Any CPU
		{1D3AF333-01D1-5474-B30E-96A001DD32DD}.ExportDebug|Any CPU.ActiveCfg = Debug|Any CPU
		{1D3AF333-01D1-5474-B30E-96A001DD32DD}.ExportDebug|Any CPU.Build.0 = Debug|Any CPU
		{1D3AF333-01D1-5474-B30E-96A001DD32DD}.ExportDebug|x64.ActiveCfg = ExportDebug|Any CPU
		{1D3AF333-01D1-5474-B30E-96A001DD32DD}.ExportDebug|x64.Build.0 = ExportDebug|Any CPU
		{1D3AF333-01D1-5474-B30E-96A001DD32DD}.ExportDebug|x86.ActiveCfg = ExportDebug|Any CPU
		{1D3AF333-01D1-5474-B30E-96A001DD32DD}.ExportDebug|x86.Build.0 = ExportDebug|Any CPU
		{1D3AF333-01D1-5474-B30E-96A001DD32DD}.ExportRelease|Any CPU.ActiveCfg = Release|Any CPU
		{1D3AF333-01D1-5474-B30E-96A001DD32DD}.ExportRelease|Any CPU.Build.0 = Release|Any CPU
		{1D3AF333-01D1-5474-B30E-96A001DD32DD}.ExportRelease|x64.ActiveCfg = ExportRelease|Any CPU
		{1D3AF333-01D1-5474-B30E-96A001DD32DD}.ExportRelease|x64.Build.0 = ExportRelease|Any CPU
		{1D3AF333-01D1-5474-B30E-96A001DD32DD}.ExportRelease|x86.ActiveCfg = ExportRelease|Any CPU
		{1D3AF333-01D1-5474-B30E-96A001DD32DD}.ExportRelease|x86.Build.0 = ExportRelease|Any CPU
		{1D3AF333-01D1-5474-B30E-96A001DD32DD}.Release|Any CPU.ActiveCfg = Release|Any CPU
		{1D3AF333-01D1-5474-B30E-96A001DD32DD}.Release|Any CPU.Build.0 = Release|Any CPU
		{1D3AF333-01D1-5474-B30E-96A001DD32DD}.Release|x64.ActiveCfg = Release|Any CPU
		{1D3AF333-01D1-5474-B30E-96A001DD32DD}.Release|x64.Build.0 = Release|Any CPU
		{1D3AF333-01D1-5474-B30E-96A001DD32DD}.Release|x86.ActiveCfg = Release|Any CPU
		{1D3AF333-01D1-5474-B30E-96A001DD32DD}.Release|x86.Build.0 = Release|Any CPU
		{94DBA2EE-AFFA-50D4-8239-108B009F27E1}.Debug|Any CPU.ActiveCfg = Debug|Any CPU
		{94DBA2EE-AFFA-50D4-8239-108B009F27E1}.Debug|Any CPU.Build.0 = Debug|Any CPU
		{94DBA2EE-AFFA-50D4-8239-108B009F27E1}.Debug|x64.ActiveCfg = Debug|Any CPU
		{94DBA2EE-AFFA-50D4-8239-108B009F27E1}.Debug|x64.Build.0 = Debug|Any CPU
		{94DBA2EE-AFFA-50D4-8239-108B009F27E1}.Debug|x86.ActiveCfg = Debug|Any CPU
		{94DBA2EE-AFFA-50D4-8239-108B009F27E1}.Debug|x86.Build.0 = Debug|Any CPU
		{94DBA2EE-AFFA-50D4-8239-108B009F27E1}.ExportDebug|Any CPU.ActiveCfg = Debug|Any CPU
		{94DBA2EE-AFFA-50D4-8239-108B009F27E1}.ExportDebug|Any CPU.Build.0 = Debug|Any CPU
		{94DBA2EE-AFFA-50D4-8239-108B009F27E1}.ExportDebug|x64.ActiveCfg = ExportDebug|Any CPU
		{94DBA2EE-AFFA-50D4-8239-108B009F27E1}.ExportDebug|x64.Build.0 = ExportDebug|Any CPU
		{94DBA2EE-AFFA-50D4-8239-108B009F27E1}.ExportDebug|x86.ActiveCfg = ExportDebug|Any CPU
		{94DBA2EE-AFFA-50D4-8239-108B009F27E1}.ExportDebug|x86.Build.0 = ExportDebug|Any CPU
		{94DBA2EE-AFFA-50D4-8239-108B009F27E1}.ExportRelease|Any CPU.ActiveCfg = Release|Any CPU
		{94DBA2EE-AFFA-50D4-8239-108B009F27E1}.ExportRelease|Any CPU.Build.0 = Release|Any CPU
		{94DBA2EE-AFFA-50D4-8239-108B009F27E1}.ExportRelease|x64.ActiveCfg = ExportRelease|Any CPU
		{94DBA2EE-AFFA-50D4-8239-108B009F27E1}.ExportRelease|x64.Build.0 = ExportRelease|Any CPU
		{94DBA2EE-AFFA-50D4-8239-108B009F27E1}.ExportRelease|x86.ActiveCfg = ExportRelease|Any CPU
		{94DBA2EE-AFFA-50D4-8239-108B009F27E1}.ExportRelease|x86.Build.0 = ExportRelease|Any CPU
		{94DBA2EE-AFFA-50D4-8239-108B009F27E1}.Release|Any CPU.ActiveCfg = Release|Any CPU
		{94DBA2EE-AFFA-50D4-8239-108B009F27E1}.Release|Any CPU.Build.0 = Release|Any CPU
		{94DBA2EE-AFFA-50D4-8239-108B009F27E1}.Release|x64.ActiveCfg = Release|Any CPU
		{94DBA2EE-AFFA-50D4-8239-108B009F27E1}.Release|x64.Build.0 = Release|Any CPU
		{94DBA2EE-AFFA-50D4-8239-108B009F27E1}.Release|x86.ActiveCfg = Release|Any CPU
		{94DBA2EE-AFFA-50D4-8239-108B009F27E1}.Release|x86.Build.0 = Release|Any CPU
		{C1CD3777-4A81-54EC-9552-1E14305AB39D}.Debug|Any CPU.ActiveCfg = Debug|Any CPU
		{C1CD3777-4A81-54EC-9552-1E14305AB39D}.Debug|Any CPU.Build.0 = Debug|Any CPU
		{C1CD3777-4A81-54EC-9552-1E14305AB39D}.Debug|x64.ActiveCfg = Debug|Any CPU
		{C1CD3777-4A81-54EC-9552-1E14305AB39D}.Debug|x64.Build.0 = Debug|Any CPU
		{C1CD3777-4A81-54EC-9552-1E14305AB39D}.Debug|x86.ActiveCfg = Debug|Any CPU
		{C1CD3777-4A81-54EC-9552-1E14305AB39D}.Debug|x86.Build.0 = Debug|Any CPU
		{C1CD3777-4A81-54EC-9552-1E14305AB39D}.ExportDebug|Any CPU.ActiveCfg = Debug|Any CPU
		{C1CD3777-4A81-54EC-9552-1E14305AB39D}.ExportDebug|Any CPU.Build.0 = Debug|Any CPU
		{C1CD3777-4A81-54EC-9552-1E14305AB39D}.ExportDebug|x64.ActiveCfg = ExportDebug|Any CPU
		{C1CD3777-4A81-54EC-9552-1E14305AB39D}.ExportDebug|x64.Build.0 = ExportDebug|Any CPU
		{C1CD3777-4A81-54EC-9552-1E14305AB39D}.ExportDebug|x86.ActiveCfg = ExportDebug|Any CPU
		{C1CD3777-4A81-54EC-9552-1E14305AB39D}.ExportDebug|x86.Build.0 = ExportDebug|Any CPU
		{C1CD3777-4A81-54EC-9552-1E14305AB39D}.ExportRelease|Any CPU.ActiveCfg = Release|Any CPU
		{C1CD3777-4A81-54EC-9552-1E14305AB39D}.ExportRelease|Any CPU.Build.0 = Release|Any CPU
		{C1CD3777-4A81-54EC-9552-1E14305AB39D}.ExportRelease|x64.ActiveCfg = ExportRelease|Any CPU
		{C1CD3777-4A81-54EC-9552-1E14305AB39D}.ExportRelease|x64.Build.0 = ExportRelease|Any CPU
		{C1CD3777-4A81-54EC-9552-1E14305AB39D}.ExportRelease|x86.ActiveCfg = ExportRelease|Any CPU
		{C1CD3777-4A81-54EC-9552-1E14305AB39D}.ExportRelease|x86.Build.0 = ExportRelease|Any CPU
		{C1CD3777-4A81-54EC-9552-1E14305AB39D}.Release|Any CPU.ActiveCfg = Release|Any CPU
		{C1CD3777-4A81-54EC-9552-1E14305AB39D}.Release|Any CPU.Build.0 = Release|Any CPU
		{C1CD3777-4A81-54EC-9552-1E14305AB39D}.Release|x64.ActiveCfg = Release|Any CPU
		{C1CD3777-4A81-54EC-9552-1E14305AB39D}.Release|x64.Build.0 = Release|Any CPU
		{C1CD3777-4A81-54EC-9552-1E14305AB39D}.Release|x86.ActiveCfg = Release|Any CPU
		{C1CD3777-4A81-54EC-9552-1E14305AB39D}.Release|x86.Build.0 = Release|Any CPU
		{7046C07A-73FE-459C-8762-D1C5C7AF285A}.Debug|Any CPU.ActiveCfg = Debug|Any CPU
		{7046C07A-73FE-459C-8762-D1C5C7AF285A}.Debug|Any CPU.Build.0 = Debug|Any CPU
		{7046C07A-73FE-459C-8762-D1C5C7AF285A}.Debug|x64.ActiveCfg = Debug|Any CPU
		{7046C07A-73FE-459C-8762-D1C5C7AF285A}.Debug|x64.Build.0 = Debug|Any CPU
		{7046C07A-73FE-459C-8762-D1C5C7AF285A}.Debug|x86.ActiveCfg = Debug|Any CPU
		{7046C07A-73FE-459C-8762-D1C5C7AF285A}.Debug|x86.Build.0 = Debug|Any CPU
		{7046C07A-73FE-459C-8762-D1C5C7AF285A}.ExportDebug|Any CPU.ActiveCfg = Debug|Any CPU
		{7046C07A-73FE-459C-8762-D1C5C7AF285A}.ExportDebug|Any CPU.Build.0 = Debug|Any CPU
		{7046C07A-73FE-459C-8762-D1C5C7AF285A}.ExportDebug|x64.ActiveCfg = Debug|Any CPU
		{7046C07A-73FE-459C-8762-D1C5C7AF285A}.ExportDebug|x64.Build.0 = Debug|Any CPU
		{7046C07A-73FE-459C-8762-D1C5C7AF285A}.ExportDebug|x86.ActiveCfg = Debug|Any CPU
		{7046C07A-73FE-459C-8762-D1C5C7AF285A}.ExportDebug|x86.Build.0 = Debug|Any CPU
		{7046C07A-73FE-459C-8762-D1C5C7AF285A}.ExportRelease|Any CPU.ActiveCfg = Debug|Any CPU
		{7046C07A-73FE-459C-8762-D1C5C7AF285A}.ExportRelease|Any CPU.Build.0 = Debug|Any CPU
		{7046C07A-73FE-459C-8762-D1C5C7AF285A}.ExportRelease|x64.ActiveCfg = Debug|Any CPU
		{7046C07A-73FE-459C-8762-D1C5C7AF285A}.ExportRelease|x64.Build.0 = Debug|Any CPU
		{7046C07A-73FE-459C-8762-D1C5C7AF285A}.ExportRelease|x86.ActiveCfg = Debug|Any CPU
		{7046C07A-73FE-459C-8762-D1C5C7AF285A}.ExportRelease|x86.Build.0 = Debug|Any CPU
		{7046C07A-73FE-459C-8762-D1C5C7AF285A}.Release|Any CPU.ActiveCfg = Release|Any CPU
		{7046C07A-73FE-459C-8762-D1C5C7AF285A}.Release|Any CPU.Build.0 = Release|Any CPU
		{7046C07A-73FE-459C-8762-D1C5C7AF285A}.Release|x64.ActiveCfg = Release|Any CPU
		{7046C07A-73FE-459C-8762-D1C5C7AF285A}.Release|x64.Build.0 = Release|Any CPU
		{7046C07A-73FE-459C-8762-D1C5C7AF285A}.Release|x86.ActiveCfg = Release|Any CPU
		{7046C07A-73FE-459C-8762-D1C5C7AF285A}.Release|x86.Build.0 = Release|Any CPU
		{84D088D0-2E5D-4CA7-800F-8A4865793234}.Debug|Any CPU.ActiveCfg = Debug|Any CPU
		{84D088D0-2E5D-4CA7-800F-8A4865793234}.Debug|Any CPU.Build.0 = Debug|Any CPU
		{84D088D0-2E5D-4CA7-800F-8A4865793234}.Debug|x64.ActiveCfg = Debug|Any CPU
		{84D088D0-2E5D-4CA7-800F-8A4865793234}.Debug|x64.Build.0 = Debug|Any CPU
		{84D088D0-2E5D-4CA7-800F-8A4865793234}.Debug|x86.ActiveCfg = Debug|Any CPU
		{84D088D0-2E5D-4CA7-800F-8A4865793234}.Debug|x86.Build.0 = Debug|Any CPU
		{84D088D0-2E5D-4CA7-800F-8A4865793234}.ExportDebug|Any CPU.ActiveCfg = Debug|Any CPU
		{84D088D0-2E5D-4CA7-800F-8A4865793234}.ExportDebug|Any CPU.Build.0 = Debug|Any CPU
		{84D088D0-2E5D-4CA7-800F-8A4865793234}.ExportDebug|x64.ActiveCfg = Debug|Any CPU
		{84D088D0-2E5D-4CA7-800F-8A4865793234}.ExportDebug|x64.Build.0 = Debug|Any CPU
		{84D088D0-2E5D-4CA7-800F-8A4865793234}.ExportDebug|x86.ActiveCfg = Debug|Any CPU
		{84D088D0-2E5D-4CA7-800F-8A4865793234}.ExportDebug|x86.Build.0 = Debug|Any CPU
		{84D088D0-2E5D-4CA7-800F-8A4865793234}.ExportRelease|Any CPU.ActiveCfg = Debug|Any CPU
		{84D088D0-2E5D-4CA7-800F-8A4865793234}.ExportRelease|Any CPU.Build.0 = Debug|Any CPU
		{84D088D0-2E5D-4CA7-800F-8A4865793234}.ExportRelease|x64.ActiveCfg = Debug|Any CPU
		{84D088D0-2E5D-4CA7-800F-8A4865793234}.ExportRelease|x64.Build.0 = Debug|Any CPU
		{84D088D0-2E5D-4CA7-800F-8A4865793234}.ExportRelease|x86.ActiveCfg = Debug|Any CPU
		{84D088D0-2E5D-4CA7-800F-8A4865793234}.ExportRelease|x86.Build.0 = Debug|Any CPU
		{84D088D0-2E5D-4CA7-800F-8A4865793234}.Release|Any CPU.ActiveCfg = Release|Any CPU
		{84D088D0-2E5D-4CA7-800F-8A4865793234}.Release|Any CPU.Build.0 = Release|Any CPU
		{84D088D0-2E5D-4CA7-800F-8A4865793234}.Release|x64.ActiveCfg = Release|Any CPU
		{84D088D0-2E5D-4CA7-800F-8A4865793234}.Release|x64.Build.0 = Release|Any CPU
		{84D088D0-2E5D-4CA7-800F-8A4865793234}.Release|x86.ActiveCfg = Release|Any CPU
		{84D088D0-2E5D-4CA7-800F-8A4865793234}.Release|x86.Build.0 = Release|Any CPU
		{40128401-8C43-405F-9C25-0CDFBDDC7A4D}.Debug|Any CPU.ActiveCfg = Debug|Any CPU
		{40128401-8C43-405F-9C25-0CDFBDDC7A4D}.Debug|Any CPU.Build.0 = Debug|Any CPU
		{40128401-8C43-405F-9C25-0CDFBDDC7A4D}.Debug|x64.ActiveCfg = Debug|Any CPU
		{40128401-8C43-405F-9C25-0CDFBDDC7A4D}.Debug|x64.Build.0 = Debug|Any CPU
		{40128401-8C43-405F-9C25-0CDFBDDC7A4D}.Debug|x86.ActiveCfg = Debug|Any CPU
		{40128401-8C43-405F-9C25-0CDFBDDC7A4D}.Debug|x86.Build.0 = Debug|Any CPU
		{40128401-8C43-405F-9C25-0CDFBDDC7A4D}.ExportDebug|Any CPU.ActiveCfg = Debug|Any CPU
		{40128401-8C43-405F-9C25-0CDFBDDC7A4D}.ExportDebug|Any CPU.Build.0 = Debug|Any CPU
		{40128401-8C43-405F-9C25-0CDFBDDC7A4D}.ExportDebug|x64.ActiveCfg = Debug|Any CPU
		{40128401-8C43-405F-9C25-0CDFBDDC7A4D}.ExportDebug|x64.Build.0 = Debug|Any CPU
		{40128401-8C43-405F-9C25-0CDFBDDC7A4D}.ExportDebug|x86.ActiveCfg = Debug|Any CPU
		{40128401-8C43-405F-9C25-0CDFBDDC7A4D}.ExportDebug|x86.Build.0 = Debug|Any CPU
		{40128401-8C43-405F-9C25-0CDFBDDC7A4D}.ExportRelease|Any CPU.ActiveCfg = Debug|Any CPU
		{40128401-8C43-405F-9C25-0CDFBDDC7A4D}.ExportRelease|Any CPU.Build.0 = Debug|Any CPU
		{40128401-8C43-405F-9C25-0CDFBDDC7A4D}.ExportRelease|x64.ActiveCfg = Debug|Any CPU
		{40128401-8C43-405F-9C25-0CDFBDDC7A4D}.ExportRelease|x64.Build.0 = Debug|Any CPU
		{40128401-8C43-405F-9C25-0CDFBDDC7A4D}.ExportRelease|x86.ActiveCfg = Debug|Any CPU
		{40128401-8C43-405F-9C25-0CDFBDDC7A4D}.ExportRelease|x86.Build.0 = Debug|Any CPU
		{40128401-8C43-405F-9C25-0CDFBDDC7A4D}.Release|Any CPU.ActiveCfg = Release|Any CPU
		{40128401-8C43-405F-9C25-0CDFBDDC7A4D}.Release|Any CPU.Build.0 = Release|Any CPU
		{40128401-8C43-405F-9C25-0CDFBDDC7A4D}.Release|x64.ActiveCfg = Release|Any CPU
		{40128401-8C43-405F-9C25-0CDFBDDC7A4D}.Release|x64.Build.0 = Release|Any CPU
		{40128401-8C43-405F-9C25-0CDFBDDC7A4D}.Release|x86.ActiveCfg = Release|Any CPU
		{40128401-8C43-405F-9C25-0CDFBDDC7A4D}.Release|x86.Build.0 = Release|Any CPU
		{7FF375A8-C95C-4765-8C98-F8559E51DA7E}.Debug|Any CPU.ActiveCfg = Debug|Any CPU
		{7FF375A8-C95C-4765-8C98-F8559E51DA7E}.Debug|Any CPU.Build.0 = Debug|Any CPU
		{7FF375A8-C95C-4765-8C98-F8559E51DA7E}.Debug|x64.ActiveCfg = Debug|Any CPU
		{7FF375A8-C95C-4765-8C98-F8559E51DA7E}.Debug|x64.Build.0 = Debug|Any CPU
		{7FF375A8-C95C-4765-8C98-F8559E51DA7E}.Debug|x86.ActiveCfg = Debug|Any CPU
		{7FF375A8-C95C-4765-8C98-F8559E51DA7E}.Debug|x86.Build.0 = Debug|Any CPU
		{7FF375A8-C95C-4765-8C98-F8559E51DA7E}.ExportDebug|Any CPU.ActiveCfg = Debug|Any CPU
		{7FF375A8-C95C-4765-8C98-F8559E51DA7E}.ExportDebug|Any CPU.Build.0 = Debug|Any CPU
		{7FF375A8-C95C-4765-8C98-F8559E51DA7E}.ExportDebug|x64.ActiveCfg = Debug|Any CPU
		{7FF375A8-C95C-4765-8C98-F8559E51DA7E}.ExportDebug|x64.Build.0 = Debug|Any CPU
		{7FF375A8-C95C-4765-8C98-F8559E51DA7E}.ExportDebug|x86.ActiveCfg = Debug|Any CPU
		{7FF375A8-C95C-4765-8C98-F8559E51DA7E}.ExportDebug|x86.Build.0 = Debug|Any CPU
		{7FF375A8-C95C-4765-8C98-F8559E51DA7E}.ExportRelease|Any CPU.ActiveCfg = Debug|Any CPU
		{7FF375A8-C95C-4765-8C98-F8559E51DA7E}.ExportRelease|Any CPU.Build.0 = Debug|Any CPU
		{7FF375A8-C95C-4765-8C98-F8559E51DA7E}.ExportRelease|x64.ActiveCfg = Debug|Any CPU
		{7FF375A8-C95C-4765-8C98-F8559E51DA7E}.ExportRelease|x64.Build.0 = Debug|Any CPU
		{7FF375A8-C95C-4765-8C98-F8559E51DA7E}.ExportRelease|x86.ActiveCfg = Debug|Any CPU
		{7FF375A8-C95C-4765-8C98-F8559E51DA7E}.ExportRelease|x86.Build.0 = Debug|Any CPU
		{7FF375A8-C95C-4765-8C98-F8559E51DA7E}.Release|Any CPU.ActiveCfg = Release|Any CPU
		{7FF375A8-C95C-4765-8C98-F8559E51DA7E}.Release|Any CPU.Build.0 = Release|Any CPU
		{7FF375A8-C95C-4765-8C98-F8559E51DA7E}.Release|x64.ActiveCfg = Release|Any CPU
		{7FF375A8-C95C-4765-8C98-F8559E51DA7E}.Release|x64.Build.0 = Release|Any CPU
		{7FF375A8-C95C-4765-8C98-F8559E51DA7E}.Release|x86.ActiveCfg = Release|Any CPU
		{7FF375A8-C95C-4765-8C98-F8559E51DA7E}.Release|x86.Build.0 = Release|Any CPU
	EndGlobalSection
	GlobalSection(SolutionProperties) = preSolution
		HideSolutionNode = FALSE
	EndGlobalSection
	GlobalSection(NestedProjects) = preSolution
		{1D3AF333-01D1-5474-B30E-96A001DD32DD} = {FA37C0FB-4ABF-509C-A70A-665196C88214}
		{94DBA2EE-AFFA-50D4-8239-108B009F27E1} = {FA37C0FB-4ABF-509C-A70A-665196C88214}
		{C1CD3777-4A81-54EC-9552-1E14305AB39D} = {FA37C0FB-4ABF-509C-A70A-665196C88214}
		{7046C07A-73FE-459C-8762-D1C5C7AF285A} = {0AB3BF05-4346-4AA6-1389-037BE0695223}
		{84D088D0-2E5D-4CA7-800F-8A4865793234} = {07C2787E-EAC7-C090-1BA3-A61EC2A24D84}
		{40128401-8C43-405F-9C25-0CDFBDDC7A4D} = {07C2787E-EAC7-C090-1BA3-A61EC2A24D84}
		{7FF375A8-C95C-4765-8C98-F8559E51DA7E} = {07C2787E-EAC7-C090-1BA3-A61EC2A24D84}
	EndGlobalSection
EndGlobal
